
Microsoft Visual Studio Solution File, Format Version 12.00
# Visual Studio Version 16
VisualStudioVersion = 16.0.29613.14
MinimumVisualStudioVersion = 10.0.40219.1
Project("{9092AA53-FB77-4645-B42D-1CCCA6BD08BD}") = "wildebeest", "wildebeest.njsproj", "{FD596DE8-CB04-46F3-9807-AFFDB19C948A}"
EndProject
Global
	GlobalSection(SolutionConfigurationPlatforms) = preSolution
		Debug|Any CPU = Debug|Any CPU
		Release|Any CPU = Release|Any CPU
	EndGlobalSection
	GlobalSection(ProjectConfigurationPlatforms) = postSolution
		{FD596DE8-CB04-46F3-9807-AFFDB19C948A}.Debug|Any CPU.ActiveCfg = Debug|Any CPU
		{FD596DE8-CB04-46F3-9807-AFFDB19C948A}.Debug|Any CPU.Build.0 = Debug|Any CPU
		{FD596DE8-CB04-46F3-9807-AFFDB19C948A}.Release|Any CPU.ActiveCfg = Release|Any CPU
		{FD596DE8-CB04-46F3-9807-AFFDB19C948A}.Release|Any CPU.Build.0 = Release|Any CPU
	EndGlobalSection
	GlobalSection(SolutionProperties) = preSolution
		HideSolutionNode = FALSE
	EndGlobalSection
	GlobalSection(ExtensibilityGlobals) = postSolution
		SolutionGuid = {6A84E380-F0A3-4972-BCB6-2A678F6704A1}
	EndGlobalSection
EndGlobal
